// !$*UTF8*$!
{
	archiveVersion = 1;
	classes = {
	};
	objectVersion = 50;
	objects = {

/* Begin PBXBuildFile section */
		A6204B3F218A3E0B00B04976 /* AppDelegate.m in Sources */ = {isa = PBXBuildFile; fileRef = A6204B3E218A3E0B00B04976 /* AppDelegate.m */; };
		A6204B45218A3E0B00B04976 /* Main.storyboard in Resources */ = {isa = PBXBuildFile; fileRef = A6204B43218A3E0B00B04976 /* Main.storyboard */; };
		A6204B47218A3E0C00B04976 /* Assets.xcassets in Resources */ = {isa = PBXBuildFile; fileRef = A6204B46218A3E0C00B04976 /* Assets.xcassets */; };
		A6204B4A218A3E0C00B04976 /* LaunchScreen.storyboard in Resources */ = {isa = PBXBuildFile; fileRef = A6204B48218A3E0C00B04976 /* LaunchScreen.storyboard */; };
		A6204B4D218A3E0C00B04976 /* main.m in Sources */ = {isa = PBXBuildFile; fileRef = A6204B4C218A3E0C00B04976 /* main.m */; };
		A6204B5E218ACACD00B04976 /* TCCardController.m in Sources */ = {isa = PBXBuildFile; fileRef = A6204B5D218ACACD00B04976 /* TCCardController.m */; };
		A6204B5F218ACB7D00B04976 /* TCCard.m in Sources */ = {isa = PBXBuildFile; fileRef = A6204B5A218A913800B04976 /* TCCard.m */; };
		A6204B63218B366C00B04976 /* CardViewController.m in Sources */ = {isa = PBXBuildFile; fileRef = A6204B62218B366C00B04976 /* CardViewController.m */; };
/* End PBXBuildFile section */

/* Begin PBXFileReference section */
		A6204B3A218A3E0B00B04976 /* DeckOfOneCardObjectiveC.app */ = {isa = PBXFileReference; explicitFileType = wrapper.application; includeInIndex = 0; path = DeckOfOneCardObjectiveC.app; sourceTree = BUILT_PRODUCTS_DIR; };
		A6204B3D218A3E0B00B04976 /* AppDelegate.h */ = {isa = PBXFileReference; lastKnownFileType = sourcecode.c.h; path = AppDelegate.h; sourceTree = "<group>"; };
		A6204B3E218A3E0B00B04976 /* AppDelegate.m */ = {isa = PBXFileReference; lastKnownFileType = sourcecode.c.objc; path = AppDelegate.m; sourceTree = "<group>"; };
		A6204B44218A3E0B00B04976 /* Base */ = {isa = PBXFileReference; lastKnownFileType = file.storyboard; name = Base; path = Base.lproj/Main.storyboard; sourceTree = "<group>"; };
		A6204B46218A3E0C00B04976 /* Assets.xcassets */ = {isa = PBXFileReference; lastKnownFileType = folder.assetcatalog; path = Assets.xcassets; sourceTree = "<group>"; };
		A6204B49218A3E0C00B04976 /* Base */ = {isa = PBXFileReference; lastKnownFileType = file.storyboard; name = Base; path = Base.lproj/LaunchScreen.storyboard; sourceTree = "<group>"; };
		A6204B4B218A3E0C00B04976 /* Info.plist */ = {isa = PBXFileReference; lastKnownFileType = text.plist.xml; path = Info.plist; sourceTree = "<group>"; };
		A6204B4C218A3E0C00B04976 /* main.m */ = {isa = PBXFileReference; lastKnownFileType = sourcecode.c.objc; path = main.m; sourceTree = "<group>"; };
		A6204B59218A913800B04976 /* TCCard.h */ = {isa = PBXFileReference; lastKnownFileType = sourcecode.c.h; path = TCCard.h; sourceTree = "<group>"; };
		A6204B5A218A913800B04976 /* TCCard.m */ = {isa = PBXFileReference; lastKnownFileType = sourcecode.c.objc; path = TCCard.m; sourceTree = "<group>"; };
		A6204B5C218ACACD00B04976 /* TCCardController.h */ = {isa = PBXFileReference; lastKnownFileType = sourcecode.c.h; path = TCCardController.h; sourceTree = "<group>"; };
		A6204B5D218ACACD00B04976 /* TCCardController.m */ = {isa = PBXFileReference; lastKnownFileType = sourcecode.c.objc; path = TCCardController.m; sourceTree = "<group>"; };
		A6204B61218B366C00B04976 /* CardViewController.h */ = {isa = PBXFileReference; lastKnownFileType = sourcecode.c.h; path = CardViewController.h; sourceTree = "<group>"; };
		A6204B62218B366C00B04976 /* CardViewController.m */ = {isa = PBXFileReference; lastKnownFileType = sourcecode.c.objc; path = CardViewController.m; sourceTree = "<group>"; };
/* End PBXFileReference section */

/* Begin PBXFrameworksBuildPhase section */
		A6204B37218A3E0B00B04976 /* Frameworks */ = {
			isa = PBXFrameworksBuildPhase;
			buildActionMask = 2147483647;
			files = (
			);
			runOnlyForDeploymentPostprocessing = 0;
		};
/* End PBXFrameworksBuildPhase section */

/* Begin PBXGroup section */
		A6204B31218A3E0B00B04976 = {
			isa = PBXGroup;
			children = (
				A6204B3C218A3E0B00B04976 /* DeckOfOneCardObjectiveC */,
				A6204B3B218A3E0B00B04976 /* Products */,
			);
			sourceTree = "<group>";
		};
		A6204B3B218A3E0B00B04976 /* Products */ = {
			isa = PBXGroup;
			children = (
				A6204B3A218A3E0B00B04976 /* DeckOfOneCardObjectiveC.app */,
			);
			name = Products;
			sourceTree = "<group>";
		};
		A6204B3C218A3E0B00B04976 /* DeckOfOneCardObjectiveC */ = {
			isa = PBXGroup;
			children = (
				A6204B4C218A3E0C00B04976 /* main.m */,
				A6204B43218A3E0B00B04976 /* Main.storyboard */,
				A6204B55218A3F0100B04976 /* Controllers */,
				A6204B60218ACBF600B04976 /* Models */,
				A6204B53218A3EEB00B04976 /* Resources */,
			);
			path = DeckOfOneCardObjectiveC;
			sourceTree = "<group>";
		};
		A6204B53218A3EEB00B04976 /* Resources */ = {
			isa = PBXGroup;
			children = (
				A6204B3D218A3E0B00B04976 /* AppDelegate.h */,
				A6204B3E218A3E0B00B04976 /* AppDelegate.m */,
				A6204B46218A3E0C00B04976 /* Assets.xcassets */,
				A6204B48218A3E0C00B04976 /* LaunchScreen.storyboard */,
				A6204B4B218A3E0C00B04976 /* Info.plist */,
			);
			path = Resources;
			sourceTree = "<group>";
		};
		A6204B55218A3F0100B04976 /* Controllers */ = {
			isa = PBXGroup;
			children = (
				A6204B57218A3F0500B04976 /* ViewControllers */,
				A6204B56218A3F0400B04976 /* ModelControllers */,
			);
			path = Controllers;
			sourceTree = "<group>";
		};
		A6204B56218A3F0400B04976 /* ModelControllers */ = {
			isa = PBXGroup;
			children = (
				A6204B5C218ACACD00B04976 /* TCCardController.h */,
				A6204B5D218ACACD00B04976 /* TCCardController.m */,
			);
			path = ModelControllers;
			sourceTree = "<group>";
		};
		A6204B57218A3F0500B04976 /* ViewControllers */ = {
			isa = PBXGroup;
			children = (
				A6204B61218B366C00B04976 /* CardViewController.h */,
				A6204B62218B366C00B04976 /* CardViewController.m */,
			);
			name = ViewControllers;
			sourceTree = "<group>";
		};
		A6204B60218ACBF600B04976 /* Models */ = {
			isa = PBXGroup;
			children = (
				A6204B59218A913800B04976 /* TCCard.h */,
				A6204B5A218A913800B04976 /* TCCard.m */,
			);
			path = Models;
			sourceTree = "<group>";
		};
/* End PBXGroup section */

/* Begin PBXNativeTarget section */
		A6204B39218A3E0B00B04976 /* DeckOfOneCardObjectiveC */ = {
			isa = PBXNativeTarget;
			buildConfigurationList = A6204B50218A3E0C00B04976 /* Build configuration list for PBXNativeTarget "DeckOfOneCardObjectiveC" */;
			buildPhases = (
				A6204B36218A3E0B00B04976 /* Sources */,
				A6204B37218A3E0B00B04976 /* Frameworks */,
				A6204B38218A3E0B00B04976 /* Resources */,
			);
			buildRules = (
			);
			dependencies = (
			);
			name = DeckOfOneCardObjectiveC;
			productName = DeckOfOneCardObjectiveC;
			productReference = A6204B3A218A3E0B00B04976 /* DeckOfOneCardObjectiveC.app */;
			productType = "com.apple.product-type.application";
		};
/* End PBXNativeTarget section */

/* Begin PBXProject section */
		A6204B32218A3E0B00B04976 /* Project object */ = {
			isa = PBXProject;
			attributes = {
				LastUpgradeCheck = 1010;
				ORGANIZATIONNAME = "Travis Chapman";
				TargetAttributes = {
					A6204B39218A3E0B00B04976 = {
						CreatedOnToolsVersion = 10.1;
					};
				};
			};
			buildConfigurationList = A6204B35218A3E0B00B04976 /* Build configuration list for PBXProject "DeckOfOneCardObjectiveC" */;
			compatibilityVersion = "Xcode 9.3";
			developmentRegion = en;
			hasScannedForEncodings = 0;
			knownRegions = (
				en,
				Base,
			);
			mainGroup = A6204B31218A3E0B00B04976;
			productRefGroup = A6204B3B218A3E0B00B04976 /* Products */;
			projectDirPath = "";
			projectRoot = "";
			targets = (
				A6204B39218A3E0B00B04976 /* DeckOfOneCardObjectiveC */,
			);
		};
/* End PBXProject section */

/* Begin PBXResourcesBuildPhase section */
		A6204B38218A3E0B00B04976 /* Resources */ = {
			isa = PBXResourcesBuildPhase;
			buildActionMask = 2147483647;
			files = (
				A6204B4A218A3E0C00B04976 /* LaunchScreen.storyboard in Resources */,
				A6204B47218A3E0C00B04976 /* Assets.xcassets in Resources */,
				A6204B45218A3E0B00B04976 /* Main.storyboard in Resources */,
			);
			runOnlyForDeploymentPostprocessing = 0;
		};
/* End PBXResourcesBuildPhase section */

/* Begin PBXSourcesBuildPhase section */
		A6204B36218A3E0B00B04976 /* Sources */ = {
			isa = PBXSourcesBuildPhase;
			buildActionMask = 2147483647;
			files = (
				A6204B63218B366C00B04976 /* CardViewController.m in Sources */,
				A6204B4D218A3E0C00B04976 /* main.m in Sources */,
				A6204B5F218ACB7D00B04976 /* TCCard.m in Sources */,
				A6204B5E218ACACD00B04976 /* TCCardController.m in Sources */,
				A6204B3F218A3E0B00B04976 /* AppDelegate.m in Sources */,
			);
			runOnlyForDeploymentPostprocessing = 0;
		};
/* End PBXSourcesBuildPhase section */

/* Begin PBXVariantGroup section */
		A6204B43218A3E0B00B04976 /* Main.storyboard */ = {
			isa = PBXVariantGroup;
			children = (
				A6204B44218A3E0B00B04976 /* Base */,
			);
			name = Main.storyboard;
			sourceTree = "<group>";
		};
		A6204B48218A3E0C00B04976 /* LaunchScreen.storyboard */ = {
			isa = PBXVariantGroup;
			children = (
				A6204B49218A3E0C00B04976 /* Base */,
			);
			name = LaunchScreen.storyboard;
			sourceTree = "<group>";
		};
/* End PBXVariantGroup section */

/* Begin XCBuildConfiguration section */
		A6204B4E218A3E0C00B04976 /* Debug */ = {
			isa = XCBuildConfiguration;
			buildSettings = {
				ALWAYS_SEARCH_USER_PATHS = NO;
				CLANG_ANALYZER_NONNULL = YES;
				CLANG_ANALYZER_NUMBER_OBJECT_CONVERSION = YES_AGGRESSIVE;
				CLANG_CXX_LANGUAGE_STANDARD = "gnu++14";
				CLANG_CXX_LIBRARY = "libc++";
				CLANG_ENABLE_MODULES = YES;
				CLANG_ENABLE_OBJC_ARC = YES;
				CLANG_ENABLE_OBJC_WEAK = YES;
				CLANG_WARN_BLOCK_CAPTURE_AUTORELEASING = YES;
				CLANG_WARN_BOOL_CONVERSION = YES;
				CLANG_WARN_COMMA = YES;
				CLANG_WARN_CONSTANT_CONVERSION = YES;
				CLANG_WARN_DEPRECATED_OBJC_IMPLEMENTATIONS = YES;
				CLANG_WARN_DIRECT_OBJC_ISA_USAGE = YES_ERROR;
				CLANG_WARN_DOCUMENTATION_COMMENTS = YES;
				CLANG_WARN_EMPTY_BODY = YES;
				CLANG_WARN_ENUM_CONVERSION = YES;
				CLANG_WARN_INFINITE_RECURSION = YES;
				CLANG_WARN_INT_CONVERSION = YES;
				CLANG_WARN_NON_LITERAL_NULL_CONVERSION = YES;
				CLANG_WARN_OBJC_IMPLICIT_RETAIN_SELF = YES;
				CLANG_WARN_OBJC_LITERAL_CONVERSION = YES;
				CLANG_WARN_OBJC_ROOT_CLASS = YES_ERROR;
				CLANG_WARN_RANGE_LOOP_ANALYSIS = YES;
				CLANG_WARN_STRICT_PROTOTYPES = YES;
				CLANG_WARN_SUSPICIOUS_MOVE = YES;
				CLANG_WARN_UNGUARDED_AVAILABILITY = YES_AGGRESSIVE;
				CLANG_WARN_UNREACHABLE_CODE = YES;
				CLANG_WARN__DUPLICATE_METHOD_MATCH = YES;
				CODE_SIGN_IDENTITY = "iPhone Developer";
				COPY_PHASE_STRIP = NO;
				DEBUG_INFORMATION_FORMAT = dwarf;
				ENABLE_STRICT_OBJC_MSGSEND = YES;
				ENABLE_TESTABILITY = YES;
				GCC_C_LANGUAGE_STANDARD = gnu11;
				GCC_DYNAMIC_NO_PIC = NO;
				GCC_NO_COMMON_BLOCKS = YES;
				GCC_OPTIMIZATION_LEVEL = 0;
				GCC_PREPROCESSOR_DEFINITIONS = (
					"DEBUG=1",
					"$(inherited)",
				);
				GCC_WARN_64_TO_32_BIT_CONVERSION = YES;
				GCC_WARN_ABOUT_RETURN_TYPE = YES_ERROR;
				GCC_WARN_UNDECLARED_SELECTOR = YES;
				GCC_WARN_UNINITIALIZED_AUTOS = YES_AGGRESSIVE;
				GCC_WARN_UNUSED_FUNCTION = YES;
				GCC_WARN_UNUSED_VARIABLE = YES;
				IPHONEOS_DEPLOYMENT_TARGET = 12.1;
				MTL_ENABLE_DEBUG_INFO = INCLUDE_SOURCE;
				MTL_FAST_MATH = YES;
				ONLY_ACTIVE_ARCH = YES;
				SDKROOT = iphoneos;
			};
			name = Debug;
		};
		A6204B4F218A3E0C00B04976 /* Release */ = {
			isa = XCBuildConfiguration;
			buildSettings = {
				ALWAYS_SEARCH_USER_PATHS = NO;
				CLANG_ANALYZER_NONNULL = YES;
				CLANG_ANALYZER_NUMBER_OBJECT_CONVERSION = YES_AGGRESSIVE;
				CLANG_CXX_LANGUAGE_STANDARD = "gnu++14";
				CLANG_CXX_LIBRARY = "libc++";
				CLANG_ENABLE_MODULES = YES;
				CLANG_ENABLE_OBJC_ARC = YES;
				CLANG_ENABLE_OBJC_WEAK = YES;
				CLANG_WARN_BLOCK_CAPTURE_AUTORELEASING = YES;
				CLANG_WARN_BOOL_CONVERSION = YES;
				CLANG_WARN_COMMA = YES;
				CLANG_WARN_CONSTANT_CONVERSION = YES;
				CLANG_WARN_DEPRECATED_OBJC_IMPLEMENTATIONS = YES;
				CLANG_WARN_DIRECT_OBJC_ISA_USAGE = YES_ERROR;
				CLANG_WARN_DOCUMENTATION_COMMENTS = YES;
				CLANG_WARN_EMPTY_BODY = YES;
				CLANG_WARN_ENUM_CONVERSION = YES;
				CLANG_WARN_INFINITE_RECURSION = YES;
				CLANG_WARN_INT_CONVERSION = YES;
				CLANG_WARN_NON_LITERAL_NULL_CONVERSION = YES;
				CLANG_WARN_OBJC_IMPLICIT_RETAIN_SELF = YES;
				CLANG_WARN_OBJC_LITERAL_CONVERSION = YES;
				CLANG_WARN_OBJC_ROOT_CLASS = YES_ERROR;
				CLANG_WARN_RANGE_LOOP_ANALYSIS = YES;
				CLANG_WARN_STRICT_PROTOTYPES = YES;
				CLANG_WARN_SUSPICIOUS_MOVE = YES;
				CLANG_WARN_UNGUARDED_AVAILABILITY = YES_AGGRESSIVE;
				CLANG_WARN_UNREACHABLE_CODE = YES;
				CLANG_WARN__DUPLICATE_METHOD_MATCH = YES;
				CODE_SIGN_IDENTITY = "iPhone Developer";
				COPY_PHASE_STRIP = NO;
				DEBUG_INFORMATION_FORMAT = "dwarf-with-dsym";
				ENABLE_NS_ASSERTIONS = NO;
				ENABLE_STRICT_OBJC_MSGSEND = YES;
				GCC_C_LANGUAGE_STANDARD = gnu11;
				GCC_NO_COMMON_BLOCKS = YES;
				GCC_WARN_64_TO_32_BIT_CONVERSION = YES;
				GCC_WARN_ABOUT_RETURN_TYPE = YES_ERROR;
				GCC_WARN_UNDECLARED_SELECTOR = YES;
				GCC_WARN_UNINITIALIZED_AUTOS = YES_AGGRESSIVE;
				GCC_WARN_UNUSED_FUNCTION = YES;
				GCC_WARN_UNUSED_VARIABLE = YES;
				IPHONEOS_DEPLOYMENT_TARGET = 12.1;
				MTL_ENABLE_DEBUG_INFO = NO;
				MTL_FAST_MATH = YES;
				SDKROOT = iphoneos;
				VALIDATE_PRODUCT = YES;
			};
			name = Release;
		};
		A6204B51218A3E0C00B04976 /* Debug */ = {
			isa = XCBuildConfiguration;
			buildSettings = {
				ASSETCATALOG_COMPILER_APPICON_NAME = AppIcon;
				CODE_SIGN_STYLE = Automatic;
				INFOPLIST_FILE = "$(SRCROOT)/DeckOfOneCardObjectiveC/Resources/Info.plist";
				LD_RUNPATH_SEARCH_PATHS = (
					"$(inherited)",
					"@executable_path/Frameworks",
				);
				PRODUCT_BUNDLE_IDENTIFIER = org.travischapman.DeckOfOneCardObjectiveC;
				PRODUCT_NAME = "$(TARGET_NAME)";
				TARGETED_DEVICE_FAMILY = "1,2";
			};
			name = Debug;
		};
		A6204B52218A3E0C00B04976 /* Release */ = {
			isa = XCBuildConfiguration;
			buildSettings = {
				ASSETCATALOG_COMPILER_APPICON_NAME = AppIcon;
				CODE_SIGN_STYLE = Automatic;
				INFOPLIST_FILE = "$(SRCROOT)/DeckOfOneCardObjectiveC/Resources/Info.plist";
				LD_RUNPATH_SEARCH_PATHS = (
					"$(inherited)",
					"@executable_path/Frameworks",
				);
				PRODUCT_BUNDLE_IDENTIFIER = org.travischapman.DeckOfOneCardObjectiveC;
				PRODUCT_NAME = "$(TARGET_NAME)";
				TARGETED_DEVICE_FAMILY = "1,2";
			};
			name = Release;
		};
/* End XCBuildConfiguration section */

/* Begin XCConfigurationList section */
		A6204B35218A3E0B00B04976 /* Build configuration list for PBXProject "DeckOfOneCardObjectiveC" */ = {
			isa = XCConfigurationList;
			buildConfigurations = (
				A6204B4E218A3E0C00B04976 /* Debug */,
				A6204B4F218A3E0C00B04976 /* Release */,
			);
			defaultConfigurationIsVisible = 0;
			defaultConfigurationName = Release;
		};
		A6204B50218A3E0C00B04976 /* Build configuration list for PBXNativeTarget "DeckOfOneCardObjectiveC" */ = {
			isa = XCConfigurationList;
			buildConfigurations = (
				A6204B51218A3E0C00B04976 /* Debug */,
				A6204B52218A3E0C00B04976 /* Release */,
			);
			defaultConfigurationIsVisible = 0;
			defaultConfigurationName = Release;
		};
/* End XCConfigurationList section */
	};
	rootObject = A6204B32218A3E0B00B04976 /* Project object */;
}
